{
  "nodes": {
    "imguizmo": {
      "flake": false,
      "locked": {
        "lastModified": 1786186682,
        "narHash": "sha256-r287Yw0vsNiavq0T5g1WBA2Df7i3pg52h75iizzmUWs=",
        "owner": "CedricGuillemet",
        "repo": "ImGuizmo",
        "rev": "18cef5e031d8c6973d80284c67f60549fafd78c1",
        "type": "github"
      },
      "original": {
        "owner": "CedricGuillemet",
        "repo": "ImGuizmo",
        "type": "github"
      }
    },
    "nixpkgs": {
      "locked": {
        "lastModified": 1786384358,
        "narHash": "sha256-RzPPiWeUtuvymnpuEWsdtzli5w4kjZs49FqEs3/1u+I=",
        "owner": "NixOS",
        "repo": "nixpkgs",
        "rev": "2fcb964de67fcf60b43471c55d5d99e61a9ccb5a",
        "type": "github"
      },
      "original": {
        "owner": "NixOS",
        "ref": "nixos-unstable",
        "repo": "nixpkgs",
        "type": "github"
      }
    },
    "root": {
      "inputs": {
        "imguizmo": "imguizmo",
        "nixpkgs": "nixpkgs"
      }
    }
  },
  "root": "root",
  "version": 7
}
